
Microsoft Visual Studio Solution File, Format Version 12.00
# Visual Studio 14
VisualStudioVersion = 14.0.25420.1
MinimumVisualStudioVersion = 10.0.40219.1
Project("{FAE04EC0-301F-11D3-BF4B-00C04F79EFBC}") = "bjsjhp.cn", "bjsjhp.cn\bjsjhp.cn.csproj", "{AEE4CEF5-C006-4E27-AC51-372BD3880465}"
EndProject
Project("{FAE04EC0-301F-11D3-BF4B-00C04F79EFBC}") = "ycdzsw.cn", "ycdzsw.cn\ycdzsw.cn.csproj", "{36C1D034-82F5-4AE0-9810-0E59C7CA8A07}"
EndProject
Project("{FAE04EC0-301F-11D3-BF4B-00C04F79EFBC}") = "0359i", "0359i\0359i.csproj", "{9D66E8A2-566A-415A-B1B5-7B11F45661BF}"
EndProject
Project("{FAE04EC0-301F-11D3-BF4B-00C04F79EFBC}") = "wytx", "wytx\wytx.csproj", "{C25329DE-58E8-4B9A-9DDC-60192446DDDA}"
EndProject
Project("{FAE04EC0-301F-11D3-BF4B-00C04F79EFBC}") = "sxbcmy.com.cn", "sxbcmy.com.cn\sxbcmy.com.cn.csproj", "{BA71E398-CE33-4FB4-B0C2-AE8FB6626472}"
EndProject
Project("{FAE04EC0-301F-11D3-BF4B-00C04F79EFBC}") = "zhonglianzhirui.com", "zhonglianzhirui.com\zhonglianzhirui.com.csproj", "{EB9A6503-8B91-4F24-AFC4-1D1D279B5667}"
EndProject
Project("{FAE04EC0-301F-11D3-BF4B-00C04F79EFBC}") = "fangjingdian", "fangjingdian\fangjingdian.csproj", "{772F1922-39F8-4708-9D20-3596954A5A9E}"
EndProject
Project("{FAE04EC0-301F-11D3-BF4B-00C04F79EFBC}") = "xinyue01", "xinyue01\xinyue01.csproj", "{50A89157-EF31-4B6C-8E1A-D1499872041E}"
EndProject
Project("{FAE04EC0-301F-11D3-BF4B-00C04F79EFBC}") = "longsenkangju.com", "longsenkangju.com\longsenkangju.com.csproj", "{6D944CA9-75D5-446D-B6E2-D5D5737EB12D}"
EndProject
Global
	GlobalSection(SolutionConfigurationPlatforms) = preSolution
		Debug|Any CPU = Debug|Any CPU
		Release|Any CPU = Release|Any CPU
	EndGlobalSection
	GlobalSection(ProjectConfigurationPlatforms) = postSolution
		{AEE4CEF5-C006-4E27-AC51-372BD3880465}.Debug|Any CPU.ActiveCfg = Debug|Any CPU
		{AEE4CEF5-C006-4E27-AC51-372BD3880465}.Debug|Any CPU.Build.0 = Debug|Any CPU
		{AEE4CEF5-C006-4E27-AC51-372BD3880465}.Release|Any CPU.ActiveCfg = Release|Any CPU
		{AEE4CEF5-C006-4E27-AC51-372BD3880465}.Release|Any CPU.Build.0 = Release|Any CPU
		{36C1D034-82F5-4AE0-9810-0E59C7CA8A07}.Debug|Any CPU.ActiveCfg = Debug|Any CPU
		{36C1D034-82F5-4AE0-9810-0E59C7CA8A07}.Debug|Any CPU.Build.0 = Debug|Any CPU
		{36C1D034-82F5-4AE0-9810-0E59C7CA8A07}.Release|Any CPU.ActiveCfg = Release|Any CPU
		{36C1D034-82F5-4AE0-9810-0E59C7CA8A07}.Release|Any CPU.Build.0 = Release|Any CPU
		{9D66E8A2-566A-415A-B1B5-7B11F45661BF}.Debug|Any CPU.ActiveCfg = Debug|Any CPU
		{9D66E8A2-566A-415A-B1B5-7B11F45661BF}.Debug|Any CPU.Build.0 = Debug|Any CPU
		{9D66E8A2-566A-415A-B1B5-7B11F45661BF}.Release|Any CPU.ActiveCfg = Release|Any CPU
		{9D66E8A2-566A-415A-B1B5-7B11F45661BF}.Release|Any CPU.Build.0 = Release|Any CPU
		{C25329DE-58E8-4B9A-9DDC-60192446DDDA}.Debug|Any CPU.ActiveCfg = Debug|Any CPU
		{C25329DE-58E8-4B9A-9DDC-60192446DDDA}.Debug|Any CPU.Build.0 = Debug|Any CPU
		{C25329DE-58E8-4B9A-9DDC-60192446DDDA}.Release|Any CPU.ActiveCfg = Release|Any CPU
		{C25329DE-58E8-4B9A-9DDC-60192446DDDA}.Release|Any CPU.Build.0 = Release|Any CPU
		{BA71E398-CE33-4FB4-B0C2-AE8FB6626472}.Debug|Any CPU.ActiveCfg = Debug|Any CPU
		{BA71E398-CE33-4FB4-B0C2-AE8FB6626472}.Debug|Any CPU.Build.0 = Debug|Any CPU
		{BA71E398-CE33-4FB4-B0C2-AE8FB6626472}.Release|Any CPU.ActiveCfg = Release|Any CPU
		{BA71E398-CE33-4FB4-B0C2-AE8FB6626472}.Release|Any CPU.Build.0 = Release|Any CPU
		{EB9A6503-8B91-4F24-AFC4-1D1D279B5667}.Debug|Any CPU.ActiveCfg = Debug|Any CPU
		{EB9A6503-8B91-4F24-AFC4-1D1D279B5667}.Debug|Any CPU.Build.0 = Debug|Any CPU
		{EB9A6503-8B91-4F24-AFC4-1D1D279B5667}.Release|Any CPU.ActiveCfg = Release|Any CPU
		{EB9A6503-8B91-4F24-AFC4-1D1D279B5667}.Release|Any CPU.Build.0 = Release|Any CPU
		{772F1922-39F8-4708-9D20-3596954A5A9E}.Debug|Any CPU.ActiveCfg = Debug|Any CPU
		{772F1922-39F8-4708-9D20-3596954A5A9E}.Debug|Any CPU.Build.0 = Debug|Any CPU
		{772F1922-39F8-4708-9D20-3596954A5A9E}.Release|Any CPU.ActiveCfg = Release|Any CPU
		{772F1922-39F8-4708-9D20-3596954A5A9E}.Release|Any CPU.Build.0 = Release|Any CPU
		{50A89157-EF31-4B6C-8E1A-D1499872041E}.Debug|Any CPU.ActiveCfg = Debug|Any CPU
		{50A89157-EF31-4B6C-8E1A-D1499872041E}.Debug|Any CPU.Build.0 = Debug|Any CPU
		{50A89157-EF31-4B6C-8E1A-D1499872041E}.Release|Any CPU.ActiveCfg = Release|Any CPU
		{50A89157-EF31-4B6C-8E1A-D1499872041E}.Release|Any CPU.Build.0 = Release|Any CPU
		{6D944CA9-75D5-446D-B6E2-D5D5737EB12D}.Debug|Any CPU.ActiveCfg = Debug|Any CPU
		{6D944CA9-75D5-446D-B6E2-D5D5737EB12D}.Debug|Any CPU.Build.0 = Debug|Any CPU
		{6D944CA9-75D5-446D-B6E2-D5D5737EB12D}.Release|Any CPU.ActiveCfg = Release|Any CPU
		{6D944CA9-75D5-446D-B6E2-D5D5737EB12D}.Release|Any CPU.Build.0 = Release|Any CPU
	EndGlobalSection
	GlobalSection(SolutionProperties) = preSolution
		HideSolutionNode = FALSE
	EndGlobalSection
EndGlobal
